# Generated by wynd compile. This is a review surface: hand edits are kept until the proto-step changes.
# Tier-to-model mapping lives in the user registry, never here.
wynd: 1
name: classify
kind: agentic
entrypoint: classify:Classify
proto_hash: sha256:6e5d5dc366c225e4e8a18fbbccc43c10dbacea9980522ce26cdd4912ab0a8043
tier: cheap
thinking: low
builtin_tools: []
retries:
  run: 2
  validation: 2
  tool: 1
effects:
- network
- filesystem
tools:
- name: crm
  source: method
  effects:
  - filesystem
  idempotent: true
  env:
  - CRM_TOKEN
  allow: []
- name: web_search
  source: library
  effects:
  - network
  idempotent: true
  env:
  - BRAVE_API_KEY
  allow: []
mcp:
- server: github
  allow:
  - get_issue
  tools:
  - name: get_issue
    description: Get an issue
    input_schema:
      type: object
    idempotent: true
  hash: sha256:e87e4075db80c798e97ad83d925cf0ef81f59644adee25cedabb847a377fdb08
context:
- process.goal
fragment:
  deps:
  - httpx>=0.27
  system: []
  vars:
  - name: BRAVE_API_KEY
    description: ''
    secret: false
    required: true
    used_by:
    - tool:proc#classify/web_search
  - name: CRM_TOKEN
    description: CRM API token
    secret: false
    required: true
    used_by:
    - step:proc#classify
    - tool:proc#classify/crm
  - name: GITHUB_TOKEN
    description: ''
    secret: true
    required: true
    used_by:
    - mcp:github
  - name: REGION
    description: Deployment region
    secret: false
    required: false
    used_by:
    - step:proc#classify
  groups: {}
locked_deps: []
interface:
  input:
    type: object
    properties:
      text:
        type: string
    required:
    - text
    additionalProperties: false
  outputs:
    done:
      type: object
      properties:
        exit:
          const: done
        label:
          type: string
      required:
      - exit
      - label
      additionalProperties: false
compiled:
  session: job_1
  job: job_2
  compiler: wynd-compiler 0.1.0
  model: claude-code/strong
  decision:
    kind: agentic
    rule: 2
    reason: needs judgement
  inferred_interface: false
  free_text: []
  guidance: []
  rejected:
  - What if the total is in words?
  split: null
