# Generated by wynd compile. This is a review surface: hand edits are kept until the proto-step changes.
# Tier-to-model mapping lives in the user registry, never here.
wynd: 1
name: classify
kind: deterministic
entrypoint: classify:Classify
proto_hash: sha256:4d01569dab184dc3360cb8ebe9bafcd4808ea09cf5068561c58bb6f8c2997920
builtin_tools: []
retries:
  run: 0
  validation: 0
  tool: 0
effects:
- filesystem
tools: []
mcp: []
context: []
fragment:
  deps:
  - pypdf>=6,<7
  - requests>=2
  system:
  - poppler-utils
  - qpdf
  vars:
  - name: PDF_PASSWORD
    description: Password for encrypted PDFs
    secret: false
    required: true
    used_by:
    - step:proc#classify
  groups: {}
locked_deps:
- pypdf==6.19.0
interface:
  input:
    type: object
    properties:
      text:
        type: string
    required:
    - text
    additionalProperties: false
  outputs:
    done:
      type: object
      properties:
        exit:
          const: done
        label:
          type: string
      required:
      - exit
      - label
      additionalProperties: false
