# Generated by wynd compile. This is a review surface: hand edits are kept until the proto-step changes.
# Tier-to-model mapping lives in the user registry, never here.
wynd: 1
name: classify
kind: shell
entrypoint: classify:Classify
proto_hash: sha256:6af9517f37c8844ef4c5ea46e7a0b9f6bb8e10774d65a849f65a64699f751d4c
builtin_tools: []
retries:
  run: 0
  validation: 0
  tool: 0
effects:
- shell
tools: []
mcp: []
context: []
shell:
  exit_codes:
    0: done
    3: done
    '*': error
fragment:
  deps: []
  system:
  - coreutils
  requires: glibc
  vars: []
  groups: {}
locked_deps: []
interface:
  input:
    type: object
    properties:
      text:
        type: string
    required:
    - text
    additionalProperties: false
  outputs:
    done:
      type: object
      properties:
        exit:
          const: done
        label:
          type: string
      required:
      - exit
      - label
      additionalProperties: false
